// !$*UTF8*$!
{
	archiveVersion = 1;
	classes = {
	};
	objectVersion = 46;
	objects = {

/* Begin PBXBuildFile section */
		9D896ABC1CDE3EC5008B0E5F /* Core.h in Headers */ = {isa = PBXBuildFile; fileRef = 9D896ABB1CDE3EC5008B0E5F /* Core.h */; settings = {ATTRIBUTES = (Public, ); }; };
		9D896AC31CDE3EC5008B0E5F /* Core.framework in Frameworks */ = {isa = PBXBuildFile; fileRef = 9D896AB81CDE3EC5008B0E5F /* Core.framework */; };
		9D896AEB1CDE642F008B0E5F /* Nimble.framework in Frameworks */ = {isa = PBXBuildFile; fileRef = 9D896AE91CDE642F008B0E5F /* Nimble.framework */; };
		9D896AEC1CDE642F008B0E5F /* Quick.framework in Frameworks */ = {isa = PBXBuildFile; fileRef = 9D896AEA1CDE642F008B0E5F /* Quick.framework */; };
		9D896AEE1CDE64FF008B0E5F /* Nimble.framework in CopyFiles */ = {isa = PBXBuildFile; fileRef = 9D896AE91CDE642F008B0E5F /* Nimble.framework */; settings = {ATTRIBUTES = (CodeSignOnCopy, RemoveHeadersOnCopy, ); }; };
		9D896AEF1CDE64FF008B0E5F /* Quick.framework in CopyFiles */ = {isa = PBXBuildFile; fileRef = 9D896AEA1CDE642F008B0E5F /* Quick.framework */; settings = {ATTRIBUTES = (CodeSignOnCopy, RemoveHeadersOnCopy, ); }; };
		B95948031D3E78FD003A082F /* MBProgressHUD.framework in Frameworks */ = {isa = PBXBuildFile; fileRef = B95948021D3E78FD003A082F /* MBProgressHUD.framework */; };
		B959481A1D3EA039003A082F /* AVFoundation.framework in Frameworks */ = {isa = PBXBuildFile; fileRef = B95948191D3EA039003A082F /* AVFoundation.framework */; };
		B959481C1D3EA051003A082F /* UIKit.framework in Frameworks */ = {isa = PBXBuildFile; fileRef = B959481B1D3EA051003A082F /* UIKit.framework */; };
		B959481E1D3EA060003A082F /* Foundation.framework in Frameworks */ = {isa = PBXBuildFile; fileRef = B959481D1D3EA060003A082F /* Foundation.framework */; };
		B988B9681D24457D00824685 /* ReactiveCocoa.framework in Frameworks */ = {isa = PBXBuildFile; fileRef = B988B9661D24457D00824685 /* ReactiveCocoa.framework */; };
		B988B9691D24457D00824685 /* Result.framework in Frameworks */ = {isa = PBXBuildFile; fileRef = B988B9671D24457D00824685 /* Result.framework */; };
		B988B96F1D24482200824685 /* ActionHandler.swift in Sources */ = {isa = PBXBuildFile; fileRef = B988B96E1D24482200824685 /* ActionHandler.swift */; };
		B988B9731D244BAE00824685 /* AssociatedObject.swift in Sources */ = {isa = PBXBuildFile; fileRef = B988B9721D244BAE00824685 /* AssociatedObject.swift */; };
		B988B97C1D244D6300824685 /* AlertViewPresenter.swift in Sources */ = {isa = PBXBuildFile; fileRef = B988B9771D244D6300824685 /* AlertViewPresenter.swift */; };
		B988B97D1D244D6300824685 /* ConfirmationAlertViewModel.swift in Sources */ = {isa = PBXBuildFile; fileRef = B988B9781D244D6300824685 /* ConfirmationAlertViewModel.swift */; };
		B988B97E1D244D6300824685 /* ErrorAlertViewModel.swift in Sources */ = {isa = PBXBuildFile; fileRef = B988B9791D244D6300824685 /* ErrorAlertViewModel.swift */; };
		B988B97F1D244D6300824685 /* ProgressHUDDelegate.swift in Sources */ = {isa = PBXBuildFile; fileRef = B988B97B1D244D6300824685 /* ProgressHUDDelegate.swift */; };
		B988B9811D24621000824685 /* DeviceType.swift in Sources */ = {isa = PBXBuildFile; fileRef = B988B9801D24621000824685 /* DeviceType.swift */; };
		B9F011F81D512C2000F72672 /* ReactiveCocoa.framework in CopyFiles */ = {isa = PBXBuildFile; fileRef = B988B9661D24457D00824685 /* ReactiveCocoa.framework */; settings = {ATTRIBUTES = (CodeSignOnCopy, RemoveHeadersOnCopy, ); }; };
		B9F011F91D512C3200F72672 /* Result.framework in CopyFiles */ = {isa = PBXBuildFile; fileRef = B988B9671D24457D00824685 /* Result.framework */; settings = {ATTRIBUTES = (CodeSignOnCopy, RemoveHeadersOnCopy, ); }; };
		B9F63CC21D5CE7FA00D09C1D /* Identifiable.swift in Sources */ = {isa = PBXBuildFile; fileRef = B9F63CC11D5CE7FA00D09C1D /* Identifiable.swift */; };
		BE1CE2B81E1C0B4A00A7F7CF /* ReactiveSwift.framework in Frameworks */ = {isa = PBXBuildFile; fileRef = BE1CE2B61E1C0B1E00A7F7CF /* ReactiveSwift.framework */; };
		CE1186891EA79EFF00105D6F /* NibLoadable.swift in Sources */ = {isa = PBXBuildFile; fileRef = CE1186881EA79EFF00105D6F /* NibLoadable.swift */; };
		CE11868B1EA7A0CD00105D6F /* UITableViewSpec.swift in Sources */ = {isa = PBXBuildFile; fileRef = CE11868A1EA7A0CD00105D6F /* UITableViewSpec.swift */; };
		CE11868D1EA7A0E100105D6F /* UICollectionViewSpec.swift in Sources */ = {isa = PBXBuildFile; fileRef = CE11868C1EA7A0E100105D6F /* UICollectionViewSpec.swift */; };
		CE1186921EA7A5FE00105D6F /* General.swift in Sources */ = {isa = PBXBuildFile; fileRef = CE1186911EA7A5FE00105D6F /* General.swift */; };
		CE1186941EA7A7C600105D6F /* GeneralSpec.swift in Sources */ = {isa = PBXBuildFile; fileRef = CE1186931EA7A7C600105D6F /* GeneralSpec.swift */; };
		CE1186961EA7C70700105D6F /* NibLoadableCollectionView.xib in Resources */ = {isa = PBXBuildFile; fileRef = CE1186951EA7C70700105D6F /* NibLoadableCollectionView.xib */; };
		CE1186981EA7C7F800105D6F /* NibLoadableCollectionCell.xib in Resources */ = {isa = PBXBuildFile; fileRef = CE1186971EA7C7F800105D6F /* NibLoadableCollectionCell.xib */; };
		CE11869A1EA7C84D00105D6F /* NibLoadableTableCell.xib in Resources */ = {isa = PBXBuildFile; fileRef = CE1186991EA7C84D00105D6F /* NibLoadableTableCell.xib */; };
		CE11869C1EA7C9C600105D6F /* NibLoadableTableViewCustom.xib in Resources */ = {isa = PBXBuildFile; fileRef = CE11869B1EA7C9C600105D6F /* NibLoadableTableViewCustom.xib */; };
		CE11869E1EA7C9DE00105D6F /* Resources.swift in Sources */ = {isa = PBXBuildFile; fileRef = CE11869D1EA7C9DE00105D6F /* Resources.swift */; };
		CE1186A01EA7CA7900105D6F /* NibLoadableSpec.swift in Sources */ = {isa = PBXBuildFile; fileRef = CE11869F1EA7CA7900105D6F /* NibLoadableSpec.swift */; };
		CE1186A41EA7CFF900105D6F /* MBProgressHUD.framework in Frameworks */ = {isa = PBXBuildFile; fileRef = B95948021D3E78FD003A082F /* MBProgressHUD.framework */; };
		CE1186A61EA7E2A200105D6F /* NibLoadableUICollectionView.xib in Resources */ = {isa = PBXBuildFile; fileRef = CE1186A51EA7E2A200105D6F /* NibLoadableUICollectionView.xib */; };
		CE1186A81EA7EF2E00105D6F /* NibLoadableUITableView.xib in Resources */ = {isa = PBXBuildFile; fileRef = CE1186A71EA7EF2E00105D6F /* NibLoadableUITableView.xib */; };
		CE1186AC1EA7F67800105D6F /* BundleSpec.swift in Sources */ = {isa = PBXBuildFile; fileRef = CE1186AB1EA7F67800105D6F /* BundleSpec.swift */; };
		CE3A9B8E1E607B28005D7E8F /* AVAsset.swift in Sources */ = {isa = PBXBuildFile; fileRef = CE3A9B751E607B28005D7E8F /* AVAsset.swift */; };
		CE3A9B8F1E607B28005D7E8F /* AVPlayerItem.swift in Sources */ = {isa = PBXBuildFile; fileRef = CE3A9B761E607B28005D7E8F /* AVPlayerItem.swift */; };
		CE3A9B901E607B28005D7E8F /* Array.swift in Sources */ = {isa = PBXBuildFile; fileRef = CE3A9B781E607B28005D7E8F /* Array.swift */; };
		CE3A9B911E607B28005D7E8F /* Date.swift in Sources */ = {isa = PBXBuildFile; fileRef = CE3A9B791E607B28005D7E8F /* Date.swift */; };
		CE3A9B921E607B28005D7E8F /* Dictionary.swift in Sources */ = {isa = PBXBuildFile; fileRef = CE3A9B7A1E607B28005D7E8F /* Dictionary.swift */; };
		CE3A9B931E607B28005D7E8F /* Bundle.swift in Sources */ = {isa = PBXBuildFile; fileRef = CE3A9B7B1E607B28005D7E8F /* Bundle.swift */; };
		CE3A9B941E607B28005D7E8F /* Timer.swift in Sources */ = {isa = PBXBuildFile; fileRef = CE3A9B7C1E607B28005D7E8F /* Timer.swift */; };
		CE3A9B951E607B28005D7E8F /* URL.swift in Sources */ = {isa = PBXBuildFile; fileRef = CE3A9B7D1E607B28005D7E8F /* URL.swift */; };
		CE3A9B961E607B28005D7E8F /* RawRepresentable.swift in Sources */ = {isa = PBXBuildFile; fileRef = CE3A9B7E1E607B28005D7E8F /* RawRepresentable.swift */; };
		CE3A9B971E607B28005D7E8F /* String.swift in Sources */ = {isa = PBXBuildFile; fileRef = CE3A9B7F1E607B28005D7E8F /* String.swift */; };
		CE3A9B981E607B28005D7E8F /* Signal.swift in Sources */ = {isa = PBXBuildFile; fileRef = CE3A9B811E607B28005D7E8F /* Signal.swift */; };
		CE3A9B991E607B28005D7E8F /* SignalProducer.swift in Sources */ = {isa = PBXBuildFile; fileRef = CE3A9B821E607B28005D7E8F /* SignalProducer.swift */; };
		CE3A9B9A1E607B28005D7E8F /* UIAlertController.swift in Sources */ = {isa = PBXBuildFile; fileRef = CE3A9B841E607B28005D7E8F /* UIAlertController.swift */; };
		CE3A9B9B1E607B28005D7E8F /* UIButton.swift in Sources */ = {isa = PBXBuildFile; fileRef = CE3A9B851E607B28005D7E8F /* UIButton.swift */; };
		CE3A9B9C1E607B28005D7E8F /* UIColor.swift in Sources */ = {isa = PBXBuildFile; fileRef = CE3A9B861E607B28005D7E8F /* UIColor.swift */; };
		CE3A9B9D1E607B28005D7E8F /* UITableView.swift in Sources */ = {isa = PBXBuildFile; fileRef = CE3A9B871E607B28005D7E8F /* UITableView.swift */; };
		CE3A9B9E1E607B28005D7E8F /* UITextField.swift in Sources */ = {isa = PBXBuildFile; fileRef = CE3A9B881E607B28005D7E8F /* UITextField.swift */; };
		CE3A9B9F1E607B28005D7E8F /* Collapsable.swift in Sources */ = {isa = PBXBuildFile; fileRef = CE3A9B8A1E607B28005D7E8F /* Collapsable.swift */; };
		CE3A9BA11E607B28005D7E8F /* UIView.swift in Sources */ = {isa = PBXBuildFile; fileRef = CE3A9B8C1E607B28005D7E8F /* UIView.swift */; };
		CE3A9BA21E607B28005D7E8F /* UIViewController.swift in Sources */ = {isa = PBXBuildFile; fileRef = CE3A9B8D1E607B28005D7E8F /* UIViewController.swift */; };
		CE80E0F11E82D1F9005C300E /* PathAppendable.swift in Sources */ = {isa = PBXBuildFile; fileRef = CE80E0F01E82D1F9005C300E /* PathAppendable.swift */; };
		CED934851E8456480017CF96 /* UICollectionView.swift in Sources */ = {isa = PBXBuildFile; fileRef = CED934841E8456480017CF96 /* UICollectionView.swift */; };
		CEE9BFB41E8986D400D0E65D /* ArraySpec.swift in Sources */ = {isa = PBXBuildFile; fileRef = CEE9BFA51E8986D400D0E65D /* ArraySpec.swift */; };
		CEE9BFB51E8986D400D0E65D /* CollectionSpec.swift in Sources */ = {isa = PBXBuildFile; fileRef = CEE9BFA61E8986D400D0E65D /* CollectionSpec.swift */; };
		CEE9BFB61E8986D400D0E65D /* DateSpec.swift in Sources */ = {isa = PBXBuildFile; fileRef = CEE9BFA71E8986D400D0E65D /* DateSpec.swift */; };
		CEE9BFB71E8986D400D0E65D /* DictionarySpec.swift in Sources */ = {isa = PBXBuildFile; fileRef = CEE9BFA81E8986D400D0E65D /* DictionarySpec.swift */; };
		CEE9BFB81E8986D400D0E65D /* RawRepresentableSpec.swift in Sources */ = {isa = PBXBuildFile; fileRef = CEE9BFA91E8986D400D0E65D /* RawRepresentableSpec.swift */; };
		CEE9BFB91E8986D400D0E65D /* StringSpec.swift in Sources */ = {isa = PBXBuildFile; fileRef = CEE9BFAA1E8986D400D0E65D /* StringSpec.swift */; };
		CEE9BFBA1E8986D400D0E65D /* TimerSpec.swift in Sources */ = {isa = PBXBuildFile; fileRef = CEE9BFAB1E8986D400D0E65D /* TimerSpec.swift */; };
		CEE9BFBB1E8986D400D0E65D /* URLSpec.swift in Sources */ = {isa = PBXBuildFile; fileRef = CEE9BFAC1E8986D400D0E65D /* URLSpec.swift */; };
		CEE9BFBC1E8986D400D0E65D /* SignalProducerSpec.swift in Sources */ = {isa = PBXBuildFile; fileRef = CEE9BFAE1E8986D400D0E65D /* SignalProducerSpec.swift */; };
		CEE9BFBD1E8986D400D0E65D /* SignalSpec.swift in Sources */ = {isa = PBXBuildFile; fileRef = CEE9BFAF1E8986D400D0E65D /* SignalSpec.swift */; };
		CEE9BFBE1E8986D400D0E65D /* UIAlertControllerSpec.swift in Sources */ = {isa = PBXBuildFile; fileRef = CEE9BFB11E8986D400D0E65D /* UIAlertControllerSpec.swift */; };
		CEE9BFBF1E8986D400D0E65D /* UIColorSpec.swift in Sources */ = {isa = PBXBuildFile; fileRef = CEE9BFB21E8986D400D0E65D /* UIColorSpec.swift */; };
		CEE9BFC01E8986D400D0E65D /* UITextFieldSpec.swift in Sources */ = {isa = PBXBuildFile; fileRef = CEE9BFB31E8986D400D0E65D /* UITextFieldSpec.swift */; };
		CEE9BFC81E8986DC00D0E65D /* ConfirmationAlertViewModelSpec.swift in Sources */ = {isa = PBXBuildFile; fileRef = CEE9BFC31E8986DC00D0E65D /* ConfirmationAlertViewModelSpec.swift */; };
		CEE9BFC91E8986DC00D0E65D /* ErrorAlertViewModelSpec.swift in Sources */ = {isa = PBXBuildFile; fileRef = CEE9BFC41E8986DC00D0E65D /* ErrorAlertViewModelSpec.swift */; };
		CEE9BFCA1E8986DC00D0E65D /* AssociatedObjectSpec.swift in Sources */ = {isa = PBXBuildFile; fileRef = CEE9BFC51E8986DC00D0E65D /* AssociatedObjectSpec.swift */; };
		CEE9BFCB1E8986DC00D0E65D /* IdentifiableSpec.swift in Sources */ = {isa = PBXBuildFile; fileRef = CEE9BFC61E8986DC00D0E65D /* IdentifiableSpec.swift */; };
		CEE9BFCC1E8986DC00D0E65D /* PathAppendableSpec.swift in Sources */ = {isa = PBXBuildFile; fileRef = CEE9BFC71E8986DC00D0E65D /* PathAppendableSpec.swift */; };
		CEE9BFCE1E8986F700D0E65D /* Collection.swift in Sources */ = {isa = PBXBuildFile; fileRef = CEE9BFCD1E8986F700D0E65D /* Collection.swift */; };
/* End PBXBuildFile section */

/* Begin PBXContainerItemProxy section */
		9D896AC41CDE3EC5008B0E5F /* PBXContainerItemProxy */ = {
			isa = PBXContainerItemProxy;
			containerPortal = 9D896AAF1CDE3EC5008B0E5F /* Project object */;
			proxyType = 1;
			remoteGlobalIDString = 9D896AB71CDE3EC5008B0E5F;
			remoteInfo = Core;
		};
/* End PBXContainerItemProxy section */

/* Begin PBXCopyFilesBuildPhase section */
		9D896AED1CDE64F6008B0E5F /* CopyFiles */ = {
			isa = PBXCopyFilesBuildPhase;
			buildActionMask = 2147483647;
			dstPath = "";
			dstSubfolderSpec = 10;
			files = (
				B9F011F91D512C3200F72672 /* Result.framework in CopyFiles */,
				B9F011F81D512C2000F72672 /* ReactiveCocoa.framework in CopyFiles */,
				9D896AEE1CDE64FF008B0E5F /* Nimble.framework in CopyFiles */,
				9D896AEF1CDE64FF008B0E5F /* Quick.framework in CopyFiles */,
			);
			runOnlyForDeploymentPostprocessing = 0;
		};
/* End PBXCopyFilesBuildPhase section */

/* Begin PBXFileReference section */
		9D896AB81CDE3EC5008B0E5F /* Core.framework */ = {isa = PBXFileReference; explicitFileType = wrapper.framework; includeInIndex = 0; path = Core.framework; sourceTree = BUILT_PRODUCTS_DIR; };
		9D896ABB1CDE3EC5008B0E5F /* Core.h */ = {isa = PBXFileReference; lastKnownFileType = sourcecode.c.h; path = Core.h; sourceTree = "<group>"; };
		9D896ABD1CDE3EC5008B0E5F /* Info.plist */ = {isa = PBXFileReference; lastKnownFileType = text.plist.xml; path = Info.plist; sourceTree = "<group>"; };
		9D896AC21CDE3EC5008B0E5F /* CoreTests.xctest */ = {isa = PBXFileReference; explicitFileType = wrapper.cfbundle; includeInIndex = 0; path = CoreTests.xctest; sourceTree = BUILT_PRODUCTS_DIR; };
		9D896AC91CDE3EC5008B0E5F /* Info.plist */ = {isa = PBXFileReference; lastKnownFileType = text.plist.xml; path = Info.plist; sourceTree = "<group>"; };
		9D896AE91CDE642F008B0E5F /* Nimble.framework */ = {isa = PBXFileReference; lastKnownFileType = wrapper.framework; name = Nimble.framework; path = Carthage/Build/iOS/Nimble.framework; sourceTree = "<group>"; };
		9D896AEA1CDE642F008B0E5F /* Quick.framework */ = {isa = PBXFileReference; lastKnownFileType = wrapper.framework; name = Quick.framework; path = Carthage/Build/iOS/Quick.framework; sourceTree = "<group>"; };
		B95948021D3E78FD003A082F /* MBProgressHUD.framework */ = {isa = PBXFileReference; lastKnownFileType = wrapper.framework; name = MBProgressHUD.framework; path = Carthage/Build/iOS/MBProgressHUD.framework; sourceTree = "<group>"; };
		B95948191D3EA039003A082F /* AVFoundation.framework */ = {isa = PBXFileReference; lastKnownFileType = wrapper.framework; name = AVFoundation.framework; path = System/Library/Frameworks/AVFoundation.framework; sourceTree = SDKROOT; };
		B959481B1D3EA051003A082F /* UIKit.framework */ = {isa = PBXFileReference; lastKnownFileType = wrapper.framework; name = UIKit.framework; path = System/Library/Frameworks/UIKit.framework; sourceTree = SDKROOT; };
		B959481D1D3EA060003A082F /* Foundation.framework */ = {isa = PBXFileReference; lastKnownFileType = wrapper.framework; name = Foundation.framework; path = System/Library/Frameworks/Foundation.framework; sourceTree = SDKROOT; };
		B988B9661D24457D00824685 /* ReactiveCocoa.framework */ = {isa = PBXFileReference; lastKnownFileType = wrapper.framework; name = ReactiveCocoa.framework; path = Carthage/Build/iOS/ReactiveCocoa.framework; sourceTree = "<group>"; };
		B988B9671D24457D00824685 /* Result.framework */ = {isa = PBXFileReference; lastKnownFileType = wrapper.framework; name = Result.framework; path = Carthage/Build/iOS/Result.framework; sourceTree = "<group>"; };
		B988B96E1D24482200824685 /* ActionHandler.swift */ = {isa = PBXFileReference; fileEncoding = 4; lastKnownFileType = sourcecode.swift; path = ActionHandler.swift; sourceTree = "<group>"; };
		B988B9721D244BAE00824685 /* AssociatedObject.swift */ = {isa = PBXFileReference; fileEncoding = 4; lastKnownFileType = sourcecode.swift; path = AssociatedObject.swift; sourceTree = "<group>"; };
		B988B9771D244D6300824685 /* AlertViewPresenter.swift */ = {isa = PBXFileReference; fileEncoding = 4; lastKnownFileType = sourcecode.swift; path = AlertViewPresenter.swift; sourceTree = "<group>"; };
		B988B9781D244D6300824685 /* ConfirmationAlertViewModel.swift */ = {isa = PBXFileReference; fileEncoding = 4; lastKnownFileType = sourcecode.swift; path = ConfirmationAlertViewModel.swift; sourceTree = "<group>"; };
		B988B9791D244D6300824685 /* ErrorAlertViewModel.swift */ = {isa = PBXFileReference; fileEncoding = 4; lastKnownFileType = sourcecode.swift; path = ErrorAlertViewModel.swift; sourceTree = "<group>"; };
		B988B97B1D244D6300824685 /* ProgressHUDDelegate.swift */ = {isa = PBXFileReference; fileEncoding = 4; lastKnownFileType = sourcecode.swift; path = ProgressHUDDelegate.swift; sourceTree = "<group>"; };
		B988B9801D24621000824685 /* DeviceType.swift */ = {isa = PBXFileReference; fileEncoding = 4; lastKnownFileType = sourcecode.swift; path = DeviceType.swift; sourceTree = "<group>"; };
		B9F63CC11D5CE7FA00D09C1D /* Identifiable.swift */ = {isa = PBXFileReference; fileEncoding = 4; lastKnownFileType = sourcecode.swift; path = Identifiable.swift; sourceTree = "<group>"; };
		BE1CE2B61E1C0B1E00A7F7CF /* ReactiveSwift.framework */ = {isa = PBXFileReference; lastKnownFileType = wrapper.framework; name = ReactiveSwift.framework; path = Carthage/Build/iOS/ReactiveSwift.framework; sourceTree = "<group>"; };
		CE1186881EA79EFF00105D6F /* NibLoadable.swift */ = {isa = PBXFileReference; fileEncoding = 4; lastKnownFileType = sourcecode.swift; path = NibLoadable.swift; sourceTree = "<group>"; };
		CE11868A1EA7A0CD00105D6F /* UITableViewSpec.swift */ = {isa = PBXFileReference; fileEncoding = 4; lastKnownFileType = sourcecode.swift; path = UITableViewSpec.swift; sourceTree = "<group>"; };
		CE11868C1EA7A0E100105D6F /* UICollectionViewSpec.swift */ = {isa = PBXFileReference; fileEncoding = 4; lastKnownFileType = sourcecode.swift; path = UICollectionViewSpec.swift; sourceTree = "<group>"; };
		CE1186911EA7A5FE00105D6F /* General.swift */ = {isa = PBXFileReference; fileEncoding = 4; lastKnownFileType = sourcecode.swift; path = General.swift; sourceTree = "<group>"; };
		CE1186931EA7A7C600105D6F /* GeneralSpec.swift */ = {isa = PBXFileReference; fileEncoding = 4; lastKnownFileType = sourcecode.swift; path = GeneralSpec.swift; sourceTree = "<group>"; };
		CE1186951EA7C70700105D6F /* NibLoadableCollectionView.xib */ = {isa = PBXFileReference; fileEncoding = 4; lastKnownFileType = file.xib; path = NibLoadableCollectionView.xib; sourceTree = "<group>"; };
		CE1186971EA7C7F800105D6F /* NibLoadableCollectionCell.xib */ = {isa = PBXFileReference; fileEncoding = 4; lastKnownFileType = file.xib; path = NibLoadableCollectionCell.xib; sourceTree = "<group>"; };
		CE1186991EA7C84D00105D6F /* NibLoadableTableCell.xib */ = {isa = PBXFileReference; fileEncoding = 4; lastKnownFileType = file.xib; path = NibLoadableTableCell.xib; sourceTree = "<group>"; };
		CE11869B1EA7C9C600105D6F /* NibLoadableTableViewCustom.xib */ = {isa = PBXFileReference; fileEncoding = 4; lastKnownFileType = file.xib; path = NibLoadableTableViewCustom.xib; sourceTree = "<group>"; };
		CE11869D1EA7C9DE00105D6F /* Resources.swift */ = {isa = PBXFileReference; fileEncoding = 4; lastKnownFileType = sourcecode.swift; path = Resources.swift; sourceTree = "<group>"; };
		CE11869F1EA7CA7900105D6F /* NibLoadableSpec.swift */ = {isa = PBXFileReference; fileEncoding = 4; lastKnownFileType = sourcecode.swift; path = NibLoadableSpec.swift; sourceTree = "<group>"; };
		CE1186A11EA7CEE300105D6F /* Result.framework.dSYM */ = {isa = PBXFileReference; lastKnownFileType = wrapper.dsym; name = Result.framework.dSYM; path = Carthage/Build/iOS/Result.framework.dSYM; sourceTree = "<group>"; };
		CE1186A51EA7E2A200105D6F /* NibLoadableUICollectionView.xib */ = {isa = PBXFileReference; fileEncoding = 4; lastKnownFileType = file.xib; path = NibLoadableUICollectionView.xib; sourceTree = "<group>"; };
		CE1186A71EA7EF2E00105D6F /* NibLoadableUITableView.xib */ = {isa = PBXFileReference; fileEncoding = 4; lastKnownFileType = file.xib; path = NibLoadableUITableView.xib; sourceTree = "<group>"; };
		CE1186AB1EA7F67800105D6F /* BundleSpec.swift */ = {isa = PBXFileReference; fileEncoding = 4; lastKnownFileType = sourcecode.swift; path = BundleSpec.swift; sourceTree = "<group>"; };
		CE3A9B751E607B28005D7E8F /* AVAsset.swift */ = {isa = PBXFileReference; fileEncoding = 4; lastKnownFileType = sourcecode.swift; path = AVAsset.swift; sourceTree = "<group>"; };
		CE3A9B761E607B28005D7E8F /* AVPlayerItem.swift */ = {isa = PBXFileReference; fileEncoding = 4; lastKnownFileType = sourcecode.swift; path = AVPlayerItem.swift; sourceTree = "<group>"; };
		CE3A9B781E607B28005D7E8F /* Array.swift */ = {isa = PBXFileReference; fileEncoding = 4; lastKnownFileType = sourcecode.swift; path = Array.swift; sourceTree = "<group>"; };
		CE3A9B791E607B28005D7E8F /* Date.swift */ = {isa = PBXFileReference; fileEncoding = 4; lastKnownFileType = sourcecode.swift; path = Date.swift; sourceTree = "<group>"; };
		CE3A9B7A1E607B28005D7E8F /* Dictionary.swift */ = {isa = PBXFileReference; fileEncoding = 4; lastKnownFileType = sourcecode.swift; path = Dictionary.swift; sourceTree = "<group>"; };
		CE3A9B7B1E607B28005D7E8F /* Bundle.swift */ = {isa = PBXFileReference; fileEncoding = 4; lastKnownFileType = sourcecode.swift; path = Bundle.swift; sourceTree = "<group>"; };
		CE3A9B7C1E607B28005D7E8F /* Timer.swift */ = {isa = PBXFileReference; fileEncoding = 4; lastKnownFileType = sourcecode.swift; path = Timer.swift; sourceTree = "<group>"; };
		CE3A9B7D1E607B28005D7E8F /* URL.swift */ = {isa = PBXFileReference; fileEncoding = 4; lastKnownFileType = sourcecode.swift; path = URL.swift; sourceTree = "<group>"; };
		CE3A9B7E1E607B28005D7E8F /* RawRepresentable.swift */ = {isa = PBXFileReference; fileEncoding = 4; lastKnownFileType = sourcecode.swift; path = RawRepresentable.swift; sourceTree = "<group>"; };
		CE3A9B7F1E607B28005D7E8F /* String.swift */ = {isa = PBXFileReference; fileEncoding = 4; lastKnownFileType = sourcecode.swift; path = String.swift; sourceTree = "<group>"; };
		CE3A9B811E607B28005D7E8F /* Signal.swift */ = {isa = PBXFileReference; fileEncoding = 4; lastKnownFileType = sourcecode.swift; path = Signal.swift; sourceTree = "<group>"; };
		CE3A9B821E607B28005D7E8F /* SignalProducer.swift */ = {isa = PBXFileReference; fileEncoding = 4; lastKnownFileType = sourcecode.swift; path = SignalProducer.swift; sourceTree = "<group>"; };
		CE3A9B841E607B28005D7E8F /* UIAlertController.swift */ = {isa = PBXFileReference; fileEncoding = 4; lastKnownFileType = sourcecode.swift; path = UIAlertController.swift; sourceTree = "<group>"; };
		CE3A9B851E607B28005D7E8F /* UIButton.swift */ = {isa = PBXFileReference; fileEncoding = 4; lastKnownFileType = sourcecode.swift; path = UIButton.swift; sourceTree = "<group>"; };
		CE3A9B861E607B28005D7E8F /* UIColor.swift */ = {isa = PBXFileReference; fileEncoding = 4; lastKnownFileType = sourcecode.swift; path = UIColor.swift; sourceTree = "<group>"; };
		CE3A9B871E607B28005D7E8F /* UITableView.swift */ = {isa = PBXFileReference; fileEncoding = 4; lastKnownFileType = sourcecode.swift; path = UITableView.swift; sourceTree = "<group>"; };
		CE3A9B881E607B28005D7E8F /* UITextField.swift */ = {isa = PBXFileReference; fileEncoding = 4; lastKnownFileType = sourcecode.swift; path = UITextField.swift; sourceTree = "<group>"; };
		CE3A9B8A1E607B28005D7E8F /* Collapsable.swift */ = {isa = PBXFileReference; fileEncoding = 4; lastKnownFileType = sourcecode.swift; path = Collapsable.swift; sourceTree = "<group>"; };
		CE3A9B8C1E607B28005D7E8F /* UIView.swift */ = {isa = PBXFileReference; fileEncoding = 4; lastKnownFileType = sourcecode.swift; path = UIView.swift; sourceTree = "<group>"; };
		CE3A9B8D1E607B28005D7E8F /* UIViewController.swift */ = {isa = PBXFileReference; fileEncoding = 4; lastKnownFileType = sourcecode.swift; path = UIViewController.swift; sourceTree = "<group>"; };
		CE80E0F01E82D1F9005C300E /* PathAppendable.swift */ = {isa = PBXFileReference; fileEncoding = 4; lastKnownFileType = sourcecode.swift; path = PathAppendable.swift; sourceTree = "<group>"; };
		CED934841E8456480017CF96 /* UICollectionView.swift */ = {isa = PBXFileReference; fileEncoding = 4; lastKnownFileType = sourcecode.swift; path = UICollectionView.swift; sourceTree = "<group>"; };
		CEE9BFA51E8986D400D0E65D /* ArraySpec.swift */ = {isa = PBXFileReference; fileEncoding = 4; lastKnownFileType = sourcecode.swift; path = ArraySpec.swift; sourceTree = "<group>"; };
		CEE9BFA61E8986D400D0E65D /* CollectionSpec.swift */ = {isa = PBXFileReference; fileEncoding = 4; lastKnownFileType = sourcecode.swift; path = CollectionSpec.swift; sourceTree = "<group>"; };
		CEE9BFA71E8986D400D0E65D /* DateSpec.swift */ = {isa = PBXFileReference; fileEncoding = 4; lastKnownFileType = sourcecode.swift; path = DateSpec.swift; sourceTree = "<group>"; };
		CEE9BFA81E8986D400D0E65D /* DictionarySpec.swift */ = {isa = PBXFileReference; fileEncoding = 4; lastKnownFileType = sourcecode.swift; path = DictionarySpec.swift; sourceTree = "<group>"; };
		CEE9BFA91E8986D400D0E65D /* RawRepresentableSpec.swift */ = {isa = PBXFileReference; fileEncoding = 4; lastKnownFileType = sourcecode.swift; path = RawRepresentableSpec.swift; sourceTree = "<group>"; };
		CEE9BFAA1E8986D400D0E65D /* StringSpec.swift */ = {isa = PBXFileReference; fileEncoding = 4; lastKnownFileType = sourcecode.swift; path = StringSpec.swift; sourceTree = "<group>"; };
		CEE9BFAB1E8986D400D0E65D /* TimerSpec.swift */ = {isa = PBXFileReference; fileEncoding = 4; lastKnownFileType = sourcecode.swift; path = TimerSpec.swift; sourceTree = "<group>"; };
		CEE9BFAC1E8986D400D0E65D /* URLSpec.swift */ = {isa = PBXFileReference; fileEncoding = 4; lastKnownFileType = sourcecode.swift; path = URLSpec.swift; sourceTree = "<group>"; };
		CEE9BFAE1E8986D400D0E65D /* SignalProducerSpec.swift */ = {isa = PBXFileReference; fileEncoding = 4; lastKnownFileType = sourcecode.swift; path = SignalProducerSpec.swift; sourceTree = "<group>"; };
		CEE9BFAF1E8986D400D0E65D /* SignalSpec.swift */ = {isa = PBXFileReference; fileEncoding = 4; lastKnownFileType = sourcecode.swift; path = SignalSpec.swift; sourceTree = "<group>"; };
		CEE9BFB11E8986D400D0E65D /* UIAlertControllerSpec.swift */ = {isa = PBXFileReference; fileEncoding = 4; lastKnownFileType = sourcecode.swift; path = UIAlertControllerSpec.swift; sourceTree = "<group>"; };
		CEE9BFB21E8986D400D0E65D /* UIColorSpec.swift */ = {isa = PBXFileReference; fileEncoding = 4; lastKnownFileType = sourcecode.swift; path = UIColorSpec.swift; sourceTree = "<group>"; };
		CEE9BFB31E8986D400D0E65D /* UITextFieldSpec.swift */ = {isa = PBXFileReference; fileEncoding = 4; lastKnownFileType = sourcecode.swift; path = UITextFieldSpec.swift; sourceTree = "<group>"; };
		CEE9BFC31E8986DC00D0E65D /* ConfirmationAlertViewModelSpec.swift */ = {isa = PBXFileReference; fileEncoding = 4; lastKnownFileType = sourcecode.swift; path = ConfirmationAlertViewModelSpec.swift; sourceTree = "<group>"; };
		CEE9BFC41E8986DC00D0E65D /* ErrorAlertViewModelSpec.swift */ = {isa = PBXFileReference; fileEncoding = 4; lastKnownFileType = sourcecode.swift; path = ErrorAlertViewModelSpec.swift; sourceTree = "<group>"; };
		CEE9BFC51E8986DC00D0E65D /* AssociatedObjectSpec.swift */ = {isa = PBXFileReference; fileEncoding = 4; lastKnownFileType = sourcecode.swift; path = AssociatedObjectSpec.swift; sourceTree = "<group>"; };
		CEE9BFC61E8986DC00D0E65D /* IdentifiableSpec.swift */ = {isa = PBXFileReference; fileEncoding = 4; lastKnownFileType = sourcecode.swift; path = IdentifiableSpec.swift; sourceTree = "<group>"; };
		CEE9BFC71E8986DC00D0E65D /* PathAppendableSpec.swift */ = {isa = PBXFileReference; fileEncoding = 4; lastKnownFileType = sourcecode.swift; path = PathAppendableSpec.swift; sourceTree = "<group>"; };
		CEE9BFCD1E8986F700D0E65D /* Collection.swift */ = {isa = PBXFileReference; fileEncoding = 4; lastKnownFileType = sourcecode.swift; path = Collection.swift; sourceTree = "<group>"; };
/* End PBXFileReference section */

/* Begin PBXFrameworksBuildPhase section */
		9D896AB41CDE3EC5008B0E5F /* Frameworks */ = {
			isa = PBXFrameworksBuildPhase;
			buildActionMask = 2147483647;
			files = (
				BE1CE2B81E1C0B4A00A7F7CF /* ReactiveSwift.framework in Frameworks */,
				B959481E1D3EA060003A082F /* Foundation.framework in Frameworks */,
				B959481C1D3EA051003A082F /* UIKit.framework in Frameworks */,
				B959481A1D3EA039003A082F /* AVFoundation.framework in Frameworks */,
				B95948031D3E78FD003A082F /* MBProgressHUD.framework in Frameworks */,
				B988B9681D24457D00824685 /* ReactiveCocoa.framework in Frameworks */,
				B988B9691D24457D00824685 /* Result.framework in Frameworks */,
			);
			runOnlyForDeploymentPostprocessing = 0;
		};
		9D896ABF1CDE3EC5008B0E5F /* Frameworks */ = {
			isa = PBXFrameworksBuildPhase;
			buildActionMask = 2147483647;
			files = (
				CE1186A41EA7CFF900105D6F /* MBProgressHUD.framework in Frameworks */,
				9D896AEB1CDE642F008B0E5F /* Nimble.framework in Frameworks */,
				9D896AEC1CDE642F008B0E5F /* Quick.framework in Frameworks */,
				9D896AC31CDE3EC5008B0E5F /* Core.framework in Frameworks */,
			);
			runOnlyForDeploymentPostprocessing = 0;
		};
/* End PBXFrameworksBuildPhase section */

/* Begin PBXGroup section */
		9D896AAE1CDE3EC5008B0E5F = {
			isa = PBXGroup;
			children = (
				9D896ABA1CDE3EC5008B0E5F /* Core */,
				9D896AC61CDE3EC5008B0E5F /* CoreTests */,
				9D896AB91CDE3EC5008B0E5F /* Products */,
				9D896AF01CDE6504008B0E5F /* Frameworks */,
			);
			sourceTree = "<group>";
		};
		9D896AB91CDE3EC5008B0E5F /* Products */ = {
			isa = PBXGroup;
			children = (
				9D896AB81CDE3EC5008B0E5F /* Core.framework */,
				9D896AC21CDE3EC5008B0E5F /* CoreTests.xctest */,
			);
			name = Products;
			sourceTree = "<group>";
		};
		9D896ABA1CDE3EC5008B0E5F /* Core */ = {
			isa = PBXGroup;
			children = (
				B988B96D1D24481400824685 /* Utilities */,
				9D896AD61CDE5EF0008B0E5F /* Extensions */,
				9D896ABB1CDE3EC5008B0E5F /* Core.h */,
				9D896ABD1CDE3EC5008B0E5F /* Info.plist */,
			);
			path = Core;
			sourceTree = "<group>";
		};
		9D896AC61CDE3EC5008B0E5F /* CoreTests */ = {
			isa = PBXGroup;
			children = (
				CE1186901EA7A1CA00105D6F /* Resources */,
				CEE9BFC11E8986DC00D0E65D /* Utilities */,
				CEE9BFA31E8986D400D0E65D /* Extensions */,
				9D896AC91CDE3EC5008B0E5F /* Info.plist */,
			);
			path = CoreTests;
			sourceTree = "<group>";
		};
		9D896AD61CDE5EF0008B0E5F /* Extensions */ = {
			isa = PBXGroup;
			children = (
				CE3A9B801E607B28005D7E8F /* ReactiveCocoa */,
				CE3A9B831E607B28005D7E8F /* UIKit */,
				CE3A9B741E607B28005D7E8F /* AVFoundation */,
				CE3A9B771E607B28005D7E8F /* Foundation */,
			);
			path = Extensions;
			sourceTree = "<group>";
		};
		9D896AF01CDE6504008B0E5F /* Frameworks */ = {
			isa = PBXGroup;
			children = (
				CE1186A11EA7CEE300105D6F /* Result.framework.dSYM */,
				B959481D1D3EA060003A082F /* Foundation.framework */,
				B959481B1D3EA051003A082F /* UIKit.framework */,
				B95948191D3EA039003A082F /* AVFoundation.framework */,
				B95948021D3E78FD003A082F /* MBProgressHUD.framework */,
				BE1CE2B61E1C0B1E00A7F7CF /* ReactiveSwift.framework */,
				B988B9661D24457D00824685 /* ReactiveCocoa.framework */,
				B988B9671D24457D00824685 /* Result.framework */,
				9D896AE91CDE642F008B0E5F /* Nimble.framework */,
				9D896AEA1CDE642F008B0E5F /* Quick.framework */,
			);
			name = Frameworks;
			sourceTree = "<group>";
		};
		B988B96D1D24481400824685 /* Utilities */ = {
			isa = PBXGroup;
			children = (
				B988B9761D244D6300824685 /* Alerts */,
				B988B97A1D244D6300824685 /* ProgressHUD */,
				B988B96E1D24482200824685 /* ActionHandler.swift */,
				B988B9721D244BAE00824685 /* AssociatedObject.swift */,
				B988B9801D24621000824685 /* DeviceType.swift */,
				B9F63CC11D5CE7FA00D09C1D /* Identifiable.swift */,
				CE1186881EA79EFF00105D6F /* NibLoadable.swift */,
				CE80E0F01E82D1F9005C300E /* PathAppendable.swift */,
				CE1186911EA7A5FE00105D6F /* General.swift */,
			);
			path = Utilities;
			sourceTree = "<group>";
		};
		B988B9761D244D6300824685 /* Alerts */ = {
			isa = PBXGroup;
			children = (
				B988B9771D244D6300824685 /* AlertViewPresenter.swift */,
				B988B9781D244D6300824685 /* ConfirmationAlertViewModel.swift */,
				B988B9791D244D6300824685 /* ErrorAlertViewModel.swift */,
			);
			path = Alerts;
			sourceTree = "<group>";
		};
		B988B97A1D244D6300824685 /* ProgressHUD */ = {
			isa = PBXGroup;
			children = (
				B988B97B1D244D6300824685 /* ProgressHUDDelegate.swift */,
			);
			path = ProgressHUD;
			sourceTree = "<group>";
		};
		CE1186901EA7A1CA00105D6F /* Resources */ = {
			isa = PBXGroup;
			children = (
				CE1186971EA7C7F800105D6F /* NibLoadableCollectionCell.xib */,
				CE1186951EA7C70700105D6F /* NibLoadableCollectionView.xib */,
				CE1186991EA7C84D00105D6F /* NibLoadableTableCell.xib */,
				CE11869B1EA7C9C600105D6F /* NibLoadableTableViewCustom.xib */,
				CE1186A51EA7E2A200105D6F /* NibLoadableUICollectionView.xib */,
				CE1186A71EA7EF2E00105D6F /* NibLoadableUITableView.xib */,
				CE11869D1EA7C9DE00105D6F /* Resources.swift */,
			);
			path = Resources;
			sourceTree = "<group>";
		};
		CE3A9B741E607B28005D7E8F /* AVFoundation */ = {
			isa = PBXGroup;
			children = (
				CE3A9B751E607B28005D7E8F /* AVAsset.swift */,
				CE3A9B761E607B28005D7E8F /* AVPlayerItem.swift */,
			);
			path = AVFoundation;
			sourceTree = "<group>";
		};
		CE3A9B771E607B28005D7E8F /* Foundation */ = {
			isa = PBXGroup;
			children = (
				CE3A9B781E607B28005D7E8F /* Array.swift */,
				CE3A9B7B1E607B28005D7E8F /* Bundle.swift */,
				CEE9BFCD1E8986F700D0E65D /* Collection.swift */,
				CE3A9B791E607B28005D7E8F /* Date.swift */,
				CE3A9B7A1E607B28005D7E8F /* Dictionary.swift */,
				CE3A9B7E1E607B28005D7E8F /* RawRepresentable.swift */,
				CE3A9B7F1E607B28005D7E8F /* String.swift */,
				CE3A9B7C1E607B28005D7E8F /* Timer.swift */,
				CE3A9B7D1E607B28005D7E8F /* URL.swift */,
			);
			path = Foundation;
			sourceTree = "<group>";
		};
		CE3A9B801E607B28005D7E8F /* ReactiveCocoa */ = {
			isa = PBXGroup;
			children = (
				CE3A9B811E607B28005D7E8F /* Signal.swift */,
				CE3A9B821E607B28005D7E8F /* SignalProducer.swift */,
			);
			path = ReactiveCocoa;
			sourceTree = "<group>";
		};
		CE3A9B831E607B28005D7E8F /* UIKit */ = {
			isa = PBXGroup;
			children = (
				CE3A9B841E607B28005D7E8F /* UIAlertController.swift */,
				CE3A9B851E607B28005D7E8F /* UIButton.swift */,
				CED934841E8456480017CF96 /* UICollectionView.swift */,
				CE3A9B861E607B28005D7E8F /* UIColor.swift */,
				CE3A9B871E607B28005D7E8F /* UITableView.swift */,
				CE3A9B881E607B28005D7E8F /* UITextField.swift */,
				CE3A9B891E607B28005D7E8F /* UIView */,
				CE3A9B8D1E607B28005D7E8F /* UIViewController.swift */,
			);
			path = UIKit;
			sourceTree = "<group>";
		};
		CE3A9B891E607B28005D7E8F /* UIView */ = {
			isa = PBXGroup;
			children = (
				CE3A9B8A1E607B28005D7E8F /* Collapsable.swift */,
				CE3A9B8C1E607B28005D7E8F /* UIView.swift */,
			);
			path = UIView;
			sourceTree = "<group>";
		};
		CEE9BFA31E8986D400D0E65D /* Extensions */ = {
			isa = PBXGroup;
			children = (
				CEE9BFAD1E8986D400D0E65D /* ReactiveCocoa */,
				CEE9BFB01E8986D400D0E65D /* UIKit */,
				CEE9BFA41E8986D400D0E65D /* Foundation */,
			);
			path = Extensions;
			sourceTree = "<group>";
		};
		CEE9BFA41E8986D400D0E65D /* Foundation */ = {
			isa = PBXGroup;
			children = (
				CEE9BFA51E8986D400D0E65D /* ArraySpec.swift */,
				CE1186AB1EA7F67800105D6F /* BundleSpec.swift */,
				CEE9BFA61E8986D400D0E65D /* CollectionSpec.swift */,
				CEE9BFA71E8986D400D0E65D /* DateSpec.swift */,
				CEE9BFA81E8986D400D0E65D /* DictionarySpec.swift */,
				CEE9BFA91E8986D400D0E65D /* RawRepresentableSpec.swift */,
				CEE9BFAA1E8986D400D0E65D /* StringSpec.swift */,
				CEE9BFAB1E8986D400D0E65D /* TimerSpec.swift */,
				CEE9BFAC1E8986D400D0E65D /* URLSpec.swift */,
			);
			path = Foundation;
			sourceTree = "<group>";
		};
		CEE9BFAD1E8986D400D0E65D /* ReactiveCocoa */ = {
			isa = PBXGroup;
			children = (
				CEE9BFAE1E8986D400D0E65D /* SignalProducerSpec.swift */,
				CEE9BFAF1E8986D400D0E65D /* SignalSpec.swift */,
			);
			path = ReactiveCocoa;
			sourceTree = "<group>";
		};
		CEE9BFB01E8986D400D0E65D /* UIKit */ = {
			isa = PBXGroup;
			children = (
				CEE9BFB11E8986D400D0E65D /* UIAlertControllerSpec.swift */,
				CE11868C1EA7A0E100105D6F /* UICollectionViewSpec.swift */,
				CEE9BFB21E8986D400D0E65D /* UIColorSpec.swift */,
				CE11868A1EA7A0CD00105D6F /* UITableViewSpec.swift */,
				CEE9BFB31E8986D400D0E65D /* UITextFieldSpec.swift */,
			);
			path = UIKit;
			sourceTree = "<group>";
		};
		CEE9BFC11E8986DC00D0E65D /* Utilities */ = {
			isa = PBXGroup;
			children = (
				CEE9BFC21E8986DC00D0E65D /* Alerts */,
				CEE9BFC51E8986DC00D0E65D /* AssociatedObjectSpec.swift */,
				CEE9BFC61E8986DC00D0E65D /* IdentifiableSpec.swift */,
				CE11869F1EA7CA7900105D6F /* NibLoadableSpec.swift */,
				CEE9BFC71E8986DC00D0E65D /* PathAppendableSpec.swift */,
				CE1186931EA7A7C600105D6F /* GeneralSpec.swift */,
			);
			path = Utilities;
			sourceTree = "<group>";
		};
		CEE9BFC21E8986DC00D0E65D /* Alerts */ = {
			isa = PBXGroup;
			children = (
				CEE9BFC31E8986DC00D0E65D /* ConfirmationAlertViewModelSpec.swift */,
				CEE9BFC41E8986DC00D0E65D /* ErrorAlertViewModelSpec.swift */,
			);
			path = Alerts;
			sourceTree = "<group>";
		};
/* End PBXGroup section */

/* Begin PBXHeadersBuildPhase section */
		9D896AB51CDE3EC5008B0E5F /* Headers */ = {
			isa = PBXHeadersBuildPhase;
			buildActionMask = 2147483647;
			files = (
				9D896ABC1CDE3EC5008B0E5F /* Core.h in Headers */,
			);
			runOnlyForDeploymentPostprocessing = 0;
		};
/* End PBXHeadersBuildPhase section */

/* Begin PBXNativeTarget section */
		9D896AB71CDE3EC5008B0E5F /* Core */ = {
			isa = PBXNativeTarget;
			buildConfigurationList = 9D896ACC1CDE3EC5008B0E5F /* Build configuration list for PBXNativeTarget "Core" */;
			buildPhases = (
				9D896AB31CDE3EC5008B0E5F /* Sources */,
				9D896AB41CDE3EC5008B0E5F /* Frameworks */,
				9D896AB51CDE3EC5008B0E5F /* Headers */,
				9D896AB61CDE3EC5008B0E5F /* Resources */,
				9D896AD31CDE5E64008B0E5F /* Swiftlint */,
				B988B9A41D2EBD7000824685 /* Carthage */,
			);
			buildRules = (
			);
			dependencies = (
			);
			name = Core;
			productName = Core;
			productReference = 9D896AB81CDE3EC5008B0E5F /* Core.framework */;
			productType = "com.apple.product-type.framework";
		};
		9D896AC11CDE3EC5008B0E5F /* CoreTests */ = {
			isa = PBXNativeTarget;
			buildConfigurationList = 9D896ACF1CDE3EC5008B0E5F /* Build configuration list for PBXNativeTarget "CoreTests" */;
			buildPhases = (
				9D896ABE1CDE3EC5008B0E5F /* Sources */,
				9D896ABF1CDE3EC5008B0E5F /* Frameworks */,
				9D896AC01CDE3EC5008B0E5F /* Resources */,
				9D896AED1CDE64F6008B0E5F /* CopyFiles */,
			);
			buildRules = (
			);
			dependencies = (
				9D896AC51CDE3EC5008B0E5F /* PBXTargetDependency */,
			);
			name = CoreTests;
			productName = CoreTests;
			productReference = 9D896AC21CDE3EC5008B0E5F /* CoreTests.xctest */;
			productType = "com.apple.product-type.bundle.unit-test";
		};
/* End PBXNativeTarget section */

/* Begin PBXProject section */
		9D896AAF1CDE3EC5008B0E5F /* Project object */ = {
			isa = PBXProject;
			attributes = {
				LastSwiftUpdateCheck = 0730;
				LastUpgradeCheck = 0820;
				ORGANIZATIONNAME = Wolox;
				TargetAttributes = {
					9D896AB71CDE3EC5008B0E5F = {
						CreatedOnToolsVersion = 7.3.1;
						DevelopmentTeam = 7XS5GQGS29;
						LastSwiftMigration = 0830;
						ProvisioningStyle = Automatic;
					};
					9D896AC11CDE3EC5008B0E5F = {
						CreatedOnToolsVersion = 7.3.1;
						DevelopmentTeam = 7XS5GQGS29;
						LastSwiftMigration = 0820;
					};
				};
			};
			buildConfigurationList = 9D896AB21CDE3EC5008B0E5F /* Build configuration list for PBXProject "Core" */;
			compatibilityVersion = "Xcode 3.2";
			developmentRegion = English;
			hasScannedForEncodings = 0;
			knownRegions = (
				en,
			);
			mainGroup = 9D896AAE1CDE3EC5008B0E5F;
			productRefGroup = 9D896AB91CDE3EC5008B0E5F /* Products */;
			projectDirPath = "";
			projectRoot = "";
			targets = (
				9D896AB71CDE3EC5008B0E5F /* Core */,
				9D896AC11CDE3EC5008B0E5F /* CoreTests */,
			);
		};
/* End PBXProject section */

/* Begin PBXResourcesBuildPhase section */
		9D896AB61CDE3EC5008B0E5F /* Resources */ = {
			isa = PBXResourcesBuildPhase;
			buildActionMask = 2147483647;
			files = (
			);
			runOnlyForDeploymentPostprocessing = 0;
		};
		9D896AC01CDE3EC5008B0E5F /* Resources */ = {
			isa = PBXResourcesBuildPhase;
			buildActionMask = 2147483647;
			files = (
				CE11869A1EA7C84D00105D6F /* NibLoadableTableCell.xib in Resources */,
				CE11869C1EA7C9C600105D6F /* NibLoadableTableViewCustom.xib in Resources */,
				CE1186961EA7C70700105D6F /* NibLoadableCollectionView.xib in Resources */,
				CE1186A81EA7EF2E00105D6F /* NibLoadableUITableView.xib in Resources */,
				CE1186A61EA7E2A200105D6F /* NibLoadableUICollectionView.xib in Resources */,
				CE1186981EA7C7F800105D6F /* NibLoadableCollectionCell.xib in Resources */,
			);
			runOnlyForDeploymentPostprocessing = 0;
		};
/* End PBXResourcesBuildPhase section */

/* Begin PBXShellScriptBuildPhase section */
		9D896AD31CDE5E64008B0E5F /* Swiftlint */ = {
			isa = PBXShellScriptBuildPhase;
			buildActionMask = 2147483647;
			files = (
			);
			inputPaths = (
			);
			name = Swiftlint;
			outputPaths = (
			);
			runOnlyForDeploymentPostprocessing = 0;
			shellPath = /bin/sh;
			shellScript = "if [ ! -z \"$RUNNING_ON_CI\" ]\nthen\n    echo \"SwiftLint run script has been disabled\"\n    exit 0\nfi\n\nif which swiftlint >/dev/null; then\n    swiftlint\nelse\n    echo \"warning: SwiftLint not installed, download from https://github.com/realm/SwiftLint\"\nfi";
		};
		B988B9A41D2EBD7000824685 /* Carthage */ = {
			isa = PBXShellScriptBuildPhase;
			buildActionMask = 2147483647;
			files = (
			);
			inputPaths = (
				"$(SRCROOT)/Carthage/Build/iOS/ReactiveCocoa.framework",
				"$(SRCROOT)/Carthage/Build/iOS/Result.framework",
				"$(SRCROOT)/Carthage/Build/iOS/MBProgressHUD.framework",
				"$(SRCROOT)/Carthage/Build/iOS/ReactiveSwift.framework",
			);
			name = Carthage;
			outputPaths = (
			);
			runOnlyForDeploymentPostprocessing = 0;
			shellPath = /bin/sh;
			shellScript = "/usr/local/bin/carthage copy-frameworks";
		};
/* End PBXShellScriptBuildPhase section */

/* Begin PBXSourcesBuildPhase section */
		9D896AB31CDE3EC5008B0E5F /* Sources */ = {
			isa = PBXSourcesBuildPhase;
			buildActionMask = 2147483647;
			files = (
				CE80E0F11E82D1F9005C300E /* PathAppendable.swift in Sources */,
				CE3A9BA21E607B28005D7E8F /* UIViewController.swift in Sources */,
				B9F63CC21D5CE7FA00D09C1D /* Identifiable.swift in Sources */,
				CE3A9B9E1E607B28005D7E8F /* UITextField.swift in Sources */,
				CE3A9B941E607B28005D7E8F /* Timer.swift in Sources */,
				CE3A9B8E1E607B28005D7E8F /* AVAsset.swift in Sources */,
				CE3A9B981E607B28005D7E8F /* Signal.swift in Sources */,
				CE3A9B8F1E607B28005D7E8F /* AVPlayerItem.swift in Sources */,
				CE3A9B9D1E607B28005D7E8F /* UITableView.swift in Sources */,
				CE3A9B991E607B28005D7E8F /* SignalProducer.swift in Sources */,
				CE3A9B921E607B28005D7E8F /* Dictionary.swift in Sources */,
				CE3A9B961E607B28005D7E8F /* RawRepresentable.swift in Sources */,
				CE1186921EA7A5FE00105D6F /* General.swift in Sources */,
				CE3A9B9F1E607B28005D7E8F /* Collapsable.swift in Sources */,
				B988B97C1D244D6300824685 /* AlertViewPresenter.swift in Sources */,
				B988B9731D244BAE00824685 /* AssociatedObject.swift in Sources */,
				CE3A9B9C1E607B28005D7E8F /* UIColor.swift in Sources */,
				CE3A9B9A1E607B28005D7E8F /* UIAlertController.swift in Sources */,
				B988B97D1D244D6300824685 /* ConfirmationAlertViewModel.swift in Sources */,
				CE3A9B901E607B28005D7E8F /* Array.swift in Sources */,
				CE3A9B931E607B28005D7E8F /* Bundle.swift in Sources */,
				CE3A9B951E607B28005D7E8F /* URL.swift in Sources */,
				CE3A9B971E607B28005D7E8F /* String.swift in Sources */,
				CEE9BFCE1E8986F700D0E65D /* Collection.swift in Sources */,
				CE3A9B911E607B28005D7E8F /* Date.swift in Sources */,
				CED934851E8456480017CF96 /* UICollectionView.swift in Sources */,
				CE1186891EA79EFF00105D6F /* NibLoadable.swift in Sources */,
				B988B9811D24621000824685 /* DeviceType.swift in Sources */,
				B988B97E1D244D6300824685 /* ErrorAlertViewModel.swift in Sources */,
				CE3A9BA11E607B28005D7E8F /* UIView.swift in Sources */,
				CE3A9B9B1E607B28005D7E8F /* UIButton.swift in Sources */,
				B988B97F1D244D6300824685 /* ProgressHUDDelegate.swift in Sources */,
				B988B96F1D24482200824685 /* ActionHandler.swift in Sources */,
			);
			runOnlyForDeploymentPostprocessing = 0;
		};
		9D896ABE1CDE3EC5008B0E5F /* Sources */ = {
			isa = PBXSourcesBuildPhase;
			buildActionMask = 2147483647;
			files = (
				CEE9BFBB1E8986D400D0E65D /* URLSpec.swift in Sources */,
				CEE9BFC01E8986D400D0E65D /* UITextFieldSpec.swift in Sources */,
				CE11868B1EA7A0CD00105D6F /* UITableViewSpec.swift in Sources */,
				CEE9BFB61E8986D400D0E65D /* DateSpec.swift in Sources */,
				CEE9BFC81E8986DC00D0E65D /* ConfirmationAlertViewModelSpec.swift in Sources */,
				CEE9BFCB1E8986DC00D0E65D /* IdentifiableSpec.swift in Sources */,
				CEE9BFBC1E8986D400D0E65D /* SignalProducerSpec.swift in Sources */,
				CEE9BFB71E8986D400D0E65D /* DictionarySpec.swift in Sources */,
				CEE9BFCC1E8986DC00D0E65D /* PathAppendableSpec.swift in Sources */,
				CE1186941EA7A7C600105D6F /* GeneralSpec.swift in Sources */,
				CEE9BFB91E8986D400D0E65D /* StringSpec.swift in Sources */,
				CEE9BFCA1E8986DC00D0E65D /* AssociatedObjectSpec.swift in Sources */,
				CEE9BFBF1E8986D400D0E65D /* UIColorSpec.swift in Sources */,
				CE1186AC1EA7F67800105D6F /* BundleSpec.swift in Sources */,
				CEE9BFBD1E8986D400D0E65D /* SignalSpec.swift in Sources */,
				CEE9BFB41E8986D400D0E65D /* ArraySpec.swift in Sources */,
				CE1186A01EA7CA7900105D6F /* NibLoadableSpec.swift in Sources */,
				CEE9BFB81E8986D400D0E65D /* RawRepresentableSpec.swift in Sources */,
				CEE9BFC91E8986DC00D0E65D /* ErrorAlertViewModelSpec.swift in Sources */,
				CEE9BFBE1E8986D400D0E65D /* UIAlertControllerSpec.swift in Sources */,
				CE11868D1EA7A0E100105D6F /* UICollectionViewSpec.swift in Sources */,
				CEE9BFBA1E8986D400D0E65D /* TimerSpec.swift in Sources */,
				CE11869E1EA7C9DE00105D6F /* Resources.swift in Sources */,
				CEE9BFB51E8986D400D0E65D /* CollectionSpec.swift in Sources */,
			);
			runOnlyForDeploymentPostprocessing = 0;
		};
/* End PBXSourcesBuildPhase section */

/* Begin PBXTargetDependency section */
		9D896AC51CDE3EC5008B0E5F /* PBXTargetDependency */ = {
			isa = PBXTargetDependency;
			target = 9D896AB71CDE3EC5008B0E5F /* Core */;
			targetProxy = 9D896AC41CDE3EC5008B0E5F /* PBXContainerItemProxy */;
		};
/* End PBXTargetDependency section */

/* Begin XCBuildConfiguration section */
		9D896ACA1CDE3EC5008B0E5F /* Debug */ = {
			isa = XCBuildConfiguration;
			buildSettings = {
				ALWAYS_SEARCH_USER_PATHS = NO;
				CLANG_ANALYZER_NONNULL = YES;
				CLANG_CXX_LANGUAGE_STANDARD = "gnu++0x";
				CLANG_CXX_LIBRARY = "libc++";
				CLANG_ENABLE_MODULES = YES;
				CLANG_ENABLE_OBJC_ARC = YES;
				CLANG_WARN_BOOL_CONVERSION = YES;
				CLANG_WARN_CONSTANT_CONVERSION = YES;
				CLANG_WARN_DIRECT_OBJC_ISA_USAGE = YES_ERROR;
				CLANG_WARN_EMPTY_BODY = YES;
				CLANG_WARN_ENUM_CONVERSION = YES;
				CLANG_WARN_INFINITE_RECURSION = YES;
				CLANG_WARN_INT_CONVERSION = YES;
				CLANG_WARN_OBJC_ROOT_CLASS = YES_ERROR;
				CLANG_WARN_SUSPICIOUS_MOVE = YES;
				CLANG_WARN_UNREACHABLE_CODE = YES;
				CLANG_WARN__DUPLICATE_METHOD_MATCH = YES;
				"CODE_SIGN_IDENTITY[sdk=iphoneos*]" = "iPhone Developer";
				COPY_PHASE_STRIP = NO;
				CURRENT_PROJECT_VERSION = 1;
				DEBUG_INFORMATION_FORMAT = dwarf;
				ENABLE_STRICT_OBJC_MSGSEND = YES;
				ENABLE_TESTABILITY = YES;
				GCC_C_LANGUAGE_STANDARD = gnu99;
				GCC_DYNAMIC_NO_PIC = NO;
				GCC_NO_COMMON_BLOCKS = YES;
				GCC_OPTIMIZATION_LEVEL = 0;
				GCC_PREPROCESSOR_DEFINITIONS = (
					"DEBUG=1",
					"$(inherited)",
				);
				GCC_WARN_64_TO_32_BIT_CONVERSION = YES;
				GCC_WARN_ABOUT_RETURN_TYPE = YES_ERROR;
				GCC_WARN_UNDECLARED_SELECTOR = YES;
				GCC_WARN_UNINITIALIZED_AUTOS = YES_AGGRESSIVE;
				GCC_WARN_UNUSED_FUNCTION = YES;
				GCC_WARN_UNUSED_VARIABLE = YES;
				IPHONEOS_DEPLOYMENT_TARGET = 9.3;
				MTL_ENABLE_DEBUG_INFO = YES;
				ONLY_ACTIVE_ARCH = YES;
				SDKROOT = iphoneos;
				SWIFT_OPTIMIZATION_LEVEL = "-Onone";
				TARGETED_DEVICE_FAMILY = "1,2";
				VERSIONING_SYSTEM = "apple-generic";
				VERSION_INFO_PREFIX = "";
			};
			name = Debug;
		};
		9D896ACB1CDE3EC5008B0E5F /* Release */ = {
			isa = XCBuildConfiguration;
			buildSettings = {
				ALWAYS_SEARCH_USER_PATHS = NO;
				CLANG_ANALYZER_NONNULL = YES;
				CLANG_CXX_LANGUAGE_STANDARD = "gnu++0x";
				CLANG_CXX_LIBRARY = "libc++";
				CLANG_ENABLE_MODULES = YES;
				CLANG_ENABLE_OBJC_ARC = YES;
				CLANG_WARN_BOOL_CONVERSION = YES;
				CLANG_WARN_CONSTANT_CONVERSION = YES;
				CLANG_WARN_DIRECT_OBJC_ISA_USAGE = YES_ERROR;
				CLANG_WARN_EMPTY_BODY = YES;
				CLANG_WARN_ENUM_CONVERSION = YES;
				CLANG_WARN_INFINITE_RECURSION = YES;
				CLANG_WARN_INT_CONVERSION = YES;
				CLANG_WARN_OBJC_ROOT_CLASS = YES_ERROR;
				CLANG_WARN_SUSPICIOUS_MOVE = YES;
				CLANG_WARN_UNREACHABLE_CODE = YES;
				CLANG_WARN__DUPLICATE_METHOD_MATCH = YES;
				"CODE_SIGN_IDENTITY[sdk=iphoneos*]" = "iPhone Developer";
				COPY_PHASE_STRIP = NO;
				CURRENT_PROJECT_VERSION = 1;
				DEBUG_INFORMATION_FORMAT = "dwarf-with-dsym";
				ENABLE_NS_ASSERTIONS = NO;
				ENABLE_STRICT_OBJC_MSGSEND = YES;
				GCC_C_LANGUAGE_STANDARD = gnu99;
				GCC_NO_COMMON_BLOCKS = YES;
				GCC_WARN_64_TO_32_BIT_CONVERSION = YES;
				GCC_WARN_ABOUT_RETURN_TYPE = YES_ERROR;
				GCC_WARN_UNDECLARED_SELECTOR = YES;
				GCC_WARN_UNINITIALIZED_AUTOS = YES_AGGRESSIVE;
				GCC_WARN_UNUSED_FUNCTION = YES;
				GCC_WARN_UNUSED_VARIABLE = YES;
				IPHONEOS_DEPLOYMENT_TARGET = 9.3;
				MTL_ENABLE_DEBUG_INFO = NO;
				SDKROOT = iphoneos;
				SWIFT_OPTIMIZATION_LEVEL = "-Owholemodule";
				TARGETED_DEVICE_FAMILY = "1,2";
				VALIDATE_PRODUCT = YES;
				VERSIONING_SYSTEM = "apple-generic";
				VERSION_INFO_PREFIX = "";
			};
			name = Release;
		};
		9D896ACD1CDE3EC5008B0E5F /* Debug */ = {
			isa = XCBuildConfiguration;
			buildSettings = {
				CLANG_ENABLE_MODULES = YES;
				"CODE_SIGN_IDENTITY[sdk=iphoneos*]" = "iPhone Developer";
				DEFINES_MODULE = YES;
				DEVELOPMENT_TEAM = 7XS5GQGS29;
				DYLIB_COMPATIBILITY_VERSION = 1;
				DYLIB_CURRENT_VERSION = 1;
				DYLIB_INSTALL_NAME_BASE = "@rpath";
				FRAMEWORK_SEARCH_PATHS = (
					"$(inherited)",
					"$(PROJECT_DIR)/Carthage/Build/iOS",
				);
				INFOPLIST_FILE = Core/Info.plist;
				INSTALL_PATH = "$(LOCAL_LIBRARY_DIR)/Frameworks";
				LD_RUNPATH_SEARCH_PATHS = "$(inherited) @executable_path/Frameworks @loader_path/Frameworks $(PROJECT_DIR)/Carthage/Build/iOS";
				PRODUCT_BUNDLE_IDENTIFIER = ar.com.wolox.Core;
				PRODUCT_NAME = "$(TARGET_NAME)";
				PROVISIONING_PROFILE_SPECIFIER = "";
				SKIP_INSTALL = YES;
				SWIFT_OPTIMIZATION_LEVEL = "-Onone";
				SWIFT_VERSION = 3.0;
			};
			name = Debug;
		};
		9D896ACE1CDE3EC5008B0E5F /* Release */ = {
			isa = XCBuildConfiguration;
			buildSettings = {
				CLANG_ENABLE_MODULES = YES;
				"CODE_SIGN_IDENTITY[sdk=iphoneos*]" = "iPhone Developer";
				DEFINES_MODULE = YES;
				DEVELOPMENT_TEAM = 7XS5GQGS29;
				DYLIB_COMPATIBILITY_VERSION = 1;
				DYLIB_CURRENT_VERSION = 1;
				DYLIB_INSTALL_NAME_BASE = "@rpath";
				FRAMEWORK_SEARCH_PATHS = (
					"$(inherited)",
					"$(PROJECT_DIR)/Carthage/Build/iOS",
				);
				INFOPLIST_FILE = Core/Info.plist;
				INSTALL_PATH = "$(LOCAL_LIBRARY_DIR)/Frameworks";
				LD_RUNPATH_SEARCH_PATHS = "$(inherited) @executable_path/Frameworks @loader_path/Frameworks $(PROJECT_DIR)/Carthage/Build/iOS";
				PRODUCT_BUNDLE_IDENTIFIER = ar.com.wolox.Core;
				PRODUCT_NAME = "$(TARGET_NAME)";
				PROVISIONING_PROFILE_SPECIFIER = "";
				SKIP_INSTALL = YES;
				SWIFT_VERSION = 3.0;
			};
			name = Release;
		};
		9D896AD01CDE3EC5008B0E5F /* Debug */ = {
			isa = XCBuildConfiguration;
			buildSettings = {
				DEVELOPMENT_TEAM = 7XS5GQGS29;
				FRAMEWORK_SEARCH_PATHS = (
					"$(inherited)",
					"$(PROJECT_DIR)/Carthage/Build/iOS",
				);
				INFOPLIST_FILE = CoreTests/Info.plist;
				LD_RUNPATH_SEARCH_PATHS = "$(inherited) @executable_path/Frameworks @loader_path/Frameworks $(PROJECT_DIR)/Carthage/Build/iOS";
				PRODUCT_BUNDLE_IDENTIFIER = ar.com.wolox.CoreTests;
				PRODUCT_NAME = "$(TARGET_NAME)";
				SWIFT_VERSION = 3.0;
			};
			name = Debug;
		};
		9D896AD11CDE3EC5008B0E5F /* Release */ = {
			isa = XCBuildConfiguration;
			buildSettings = {
				DEVELOPMENT_TEAM = 7XS5GQGS29;
				FRAMEWORK_SEARCH_PATHS = (
					"$(inherited)",
					"$(PROJECT_DIR)/Carthage/Build/iOS",
				);
				INFOPLIST_FILE = CoreTests/Info.plist;
				LD_RUNPATH_SEARCH_PATHS = "$(inherited) @executable_path/Frameworks @loader_path/Frameworks $(PROJECT_DIR)/Carthage/Build/iOS";
				PRODUCT_BUNDLE_IDENTIFIER = ar.com.wolox.CoreTests;
				PRODUCT_NAME = "$(TARGET_NAME)";
				SWIFT_VERSION = 3.0;
			};
			name = Release;
		};
/* End XCBuildConfiguration section */

/* Begin XCConfigurationList section */
		9D896AB21CDE3EC5008B0E5F /* Build configuration list for PBXProject "Core" */ = {
			isa = XCConfigurationList;
			buildConfigurations = (
				9D896ACA1CDE3EC5008B0E5F /* Debug */,
				9D896ACB1CDE3EC5008B0E5F /* Release */,
			);
			defaultConfigurationIsVisible = 0;
			defaultConfigurationName = Release;
		};
		9D896ACC1CDE3EC5008B0E5F /* Build configuration list for PBXNativeTarget "Core" */ = {
			isa = XCConfigurationList;
			buildConfigurations = (
				9D896ACD1CDE3EC5008B0E5F /* Debug */,
				9D896ACE1CDE3EC5008B0E5F /* Release */,
			);
			defaultConfigurationIsVisible = 0;
			defaultConfigurationName = Release;
		};
		9D896ACF1CDE3EC5008B0E5F /* Build configuration list for PBXNativeTarget "CoreTests" */ = {
			isa = XCConfigurationList;
			buildConfigurations = (
				9D896AD01CDE3EC5008B0E5F /* Debug */,
				9D896AD11CDE3EC5008B0E5F /* Release */,
			);
			defaultConfigurationIsVisible = 0;
			defaultConfigurationName = Release;
		};
/* End XCConfigurationList section */
	};
	rootObject = 9D896AAF1CDE3EC5008B0E5F /* Project object */;
}
